{
    "hash": "109e31327e90a7a81a9f5b002e5af290",
    "packages": [
        {
            "name": "ajbdev/requirejs",
            "version": "dev-master",
            "source": {
                "type": "git",
                "url": "https://github.com/ajbdev/requirejs.git",
                "reference": "967de2da7b02af8c42c715a924d44b6e229661e5"
            },
            "dist": {
                "type": "zip",
                "url": "https://api.github.com/repos/ajbdev/requirejs/zipball/967de2da7b02af8c42c715a924d44b6e229661e5",
                "reference": "967de2da7b02af8c42c715a924d44b6e229661e5",
                "shasum": ""
            },
            "type": "library",
            "notification-url": "https://packagist.org/downloads/",
            "license": [
                "BSD"
            ],
            "description": "RequireJS is a JavaScript file and module loader.",
            "homepage": "http://requirejs.org/",
            "keywords": [
                "javascript",
                "require",
                "requirejs"
            ],
            "time": "2012-07-08 22:00:08"
        },
        {
            "name": "components/jquery",
            "version": "1.9.0",
            "source": {
                "type": "git",
                "url": "https://github.com/components/jquery.git",
                "reference": "1.9.0"
            },
            "dist": {
                "type": "zip",
                "url": "https://api.github.com/repos/components/jquery/zipball/1.9.0",
                "reference": "1.9.0",
                "shasum": ""
            },
            "type": "component",
            "extra": {
                "js": "jquery.js"
            },
            "notification-url": "https://packagist.org/downloads/",
            "license": [
                "MIT"
            ],
            "authors": [
                {
                    "name": "John Resig",
                    "email": "jeresig@gmail.com"
                }
            ],
            "description": "jQuery JavaScript Library",
            "homepage": "http://jquery.com",
            "time": "2013-01-15 19:21:07"
        },
        {
            "name": "twig/twig",
            "version": "v1.12.2",
            "source": {
                "type": "git",
                "url": "git://github.com/fabpot/Twig.git",
                "reference": "v1.12.2"
            },
            "dist": {
                "type": "zip",
                "url": "https://api.github.com/repos/fabpot/Twig/zipball/v1.12.2",
                "reference": "v1.12.2",
                "shasum": ""
            },
            "require": {
                "php": ">=5.2.4"
            },
            "type": "library",
            "extra": {
                "branch-alias": {
                    "dev-master": "1.12-dev"
                }
            },
            "autoload": {
                "psr-0": {
                    "Twig_": "lib/"
                }
            },
            "notification-url": "https://packagist.org/downloads/",
            "license": [
                "BSD-3"
            ],
            "authors": [
                {
                    "name": "Fabien Potencier",
                    "email": "fabien@symfony.com"
                },
                {
                    "name": "Armin Ronacher",
                    "email": "armin.ronacher@active-4.com"
                }
            ],
            "description": "Twig, the flexible, fast, and secure template language for PHP",
            "homepage": "http://twig.sensiolabs.org",
            "keywords": [
                "templating"
            ],
            "time": "2013-02-09 18:21:53"
        }
    ],
    "packages-dev": [

    ],
    "aliases": [

    ],
    "minimum-stability": "stable",
    "stability-flags": {
        "ajbdev/requirejs": 20
    },
    "platform": [

    ],
    "platform-dev": [

    ]
}
